// !$*UTF8*$!
{
	archiveVersion = 1;
	classes = {
	};
	objectVersion = 55;
	objects = {

/* Begin PBXBuildFile section */
		7E491F57283B5CCA00A85157 /* AppDelegate.swift in Sources */ = {isa = PBXBuildFile; fileRef = 7E491F56283B5CCA00A85157 /* AppDelegate.swift */; };
		7E491F59283B5CCA00A85157 /* SceneDelegate.swift in Sources */ = {isa = PBXBuildFile; fileRef = 7E491F58283B5CCA00A85157 /* SceneDelegate.swift */; };
		7E491F5B283B5CCA00A85157 /* ViewController.swift in Sources */ = {isa = PBXBuildFile; fileRef = 7E491F5A283B5CCA00A85157 /* ViewController.swift */; };
		7E491F5E283B5CCA00A85157 /* Main.storyboard in Resources */ = {isa = PBXBuildFile; fileRef = 7E491F5C283B5CCA00A85157 /* Main.storyboard */; };
		7E491F60283B5CCF00A85157 /* Assets.xcassets in Resources */ = {isa = PBXBuildFile; fileRef = 7E491F5F283B5CCF00A85157 /* Assets.xcassets */; };
		7E491F63283B5CCF00A85157 /* LaunchScreen.storyboard in Resources */ = {isa = PBXBuildFile; fileRef = 7E491F61283B5CCF00A85157 /* LaunchScreen.storyboard */; };
		7E491F6E283B5CCF00A85157 /* UsersAppTests.swift in Sources */ = {isa = PBXBuildFile; fileRef = 7E491F6D283B5CCF00A85157 /* UsersAppTests.swift */; };
		7E491F78283B5CCF00A85157 /* UsersAppUITests.swift in Sources */ = {isa = PBXBuildFile; fileRef = 7E491F77283B5CCF00A85157 /* UsersAppUITests.swift */; };
		7E491F7A283B5CCF00A85157 /* UsersAppUITestsLaunchTests.swift in Sources */ = {isa = PBXBuildFile; fileRef = 7E491F79283B5CCF00A85157 /* UsersAppUITestsLaunchTests.swift */; };
/* End PBXBuildFile section */

/* Begin PBXContainerItemProxy section */
		7E491F6A283B5CCF00A85157 /* PBXContainerItemProxy */ = {
			isa = PBXContainerItemProxy;
			containerPortal = 7E491F4B283B5CCA00A85157 /* Project object */;
			proxyType = 1;
			remoteGlobalIDString = 7E491F52283B5CCA00A85157;
			remoteInfo = UsersApp;
		};
		7E491F74283B5CCF00A85157 /* PBXContainerItemProxy */ = {
			isa = PBXContainerItemProxy;
			containerPortal = 7E491F4B283B5CCA00A85157 /* Project object */;
			proxyType = 1;
			remoteGlobalIDString = 7E491F52283B5CCA00A85157;
			remoteInfo = UsersApp;
		};
/* End PBXContainerItemProxy section */

/* Begin PBXFileReference section */
		7E491F53283B5CCA00A85157 /* UsersApp.app */ = {isa = PBXFileReference; explicitFileType = wrapper.application; includeInIndex = 0; path = UsersApp.app; sourceTree = BUILT_PRODUCTS_DIR; };
		7E491F56283B5CCA00A85157 /* AppDelegate.swift */ = {isa = PBXFileReference; lastKnownFileType = sourcecode.swift; path = AppDelegate.swift; sourceTree = "<group>"; };
		7E491F58283B5CCA00A85157 /* SceneDelegate.swift */ = {isa = PBXFileReference; lastKnownFileType = sourcecode.swift; path = SceneDelegate.swift; sourceTree = "<group>"; };
		7E491F5A283B5CCA00A85157 /* ViewController.swift */ = {isa = PBXFileReference; lastKnownFileType = sourcecode.swift; path = ViewController.swift; sourceTree = "<group>"; };
		7E491F5D283B5CCA00A85157 /* Base */ = {isa = PBXFileReference; lastKnownFileType = file.storyboard; name = Base; path = Base.lproj/Main.storyboard; sourceTree = "<group>"; };
		7E491F5F283B5CCF00A85157 /* Assets.xcassets */ = {isa = PBXFileReference; lastKnownFileType = folder.assetcatalog; path = Assets.xcassets; sourceTree = "<group>"; };
		7E491F62283B5CCF00A85157 /* Base */ = {isa = PBXFileReference; lastKnownFileType = file.storyboard; name = Base; path = Base.lproj/LaunchScreen.storyboard; sourceTree = "<group>"; };
		7E491F64283B5CCF00A85157 /* Info.plist */ = {isa = PBXFileReference; lastKnownFileType = text.plist.xml; path = Info.plist; sourceTree = "<group>"; };
		7E491F69283B5CCF00A85157 /* UsersAppTests.xctest */ = {isa = PBXFileReference; explicitFileType = wrapper.cfbundle; includeInIndex = 0; path = UsersAppTests.xctest; sourceTree = BUILT_PRODUCTS_DIR; };
		7E491F6D283B5CCF00A85157 /* UsersAppTests.swift */ = {isa = PBXFileReference; lastKnownFileType = sourcecode.swift; path = UsersAppTests.swift; sourceTree = "<group>"; };
		7E491F73283B5CCF00A85157 /* UsersAppUITests.xctest */ = {isa = PBXFileReference; explicitFileType = wrapper.cfbundle; includeInIndex = 0; path = UsersAppUITests.xctest; sourceTree = BUILT_PRODUCTS_DIR; };
		7E491F77283B5CCF00A85157 /* UsersAppUITests.swift */ = {isa = PBXFileReference; lastKnownFileType = sourcecode.swift; path = UsersAppUITests.swift; sourceTree = "<group>"; };
		7E491F79283B5CCF00A85157 /* UsersAppUITestsLaunchTests.swift */ = {isa = PBXFileReference; lastKnownFileType = sourcecode.swift; path = UsersAppUITestsLaunchTests.swift; sourceTree = "<group>"; };
/* End PBXFileReference section */

/* Begin PBXFrameworksBuildPhase section */
		7E491F50283B5CCA00A85157 /* Frameworks */ = {
			isa = PBXFrameworksBuildPhase;
			buildActionMask = 2147483647;
			files = (
			);
			runOnlyForDeploymentPostprocessing = 0;
		};
		7E491F66283B5CCF00A85157 /* Frameworks */ = {
			isa = PBXFrameworksBuildPhase;
			buildActionMask = 2147483647;
			files = (
			);
			runOnlyForDeploymentPostprocessing = 0;
		};
		7E491F70283B5CCF00A85157 /* Frameworks */ = {
			isa = PBXFrameworksBuildPhase;
			buildActionMask = 2147483647;
			files = (
			);
			runOnlyForDeploymentPostprocessing = 0;
		};
/* End PBXFrameworksBuildPhase section */

/* Begin PBXGroup section */
		7E491F4A283B5CCA00A85157 = {
			isa = PBXGroup;
			children = (
				7E491F55283B5CCA00A85157 /* UsersApp */,
				7E491F6C283B5CCF00A85157 /* UsersAppTests */,
				7E491F76283B5CCF00A85157 /* UsersAppUITests */,
				7E491F54283B5CCA00A85157 /* Products */,
			);
			sourceTree = "<group>";
		};
		7E491F54283B5CCA00A85157 /* Products */ = {
			isa = PBXGroup;
			children = (
				7E491F53283B5CCA00A85157 /* UsersApp.app */,
				7E491F69283B5CCF00A85157 /* UsersAppTests.xctest */,
				7E491F73283B5CCF00A85157 /* UsersAppUITests.xctest */,
			);
			name = Products;
			sourceTree = "<group>";
		};
		7E491F55283B5CCA00A85157 /* UsersApp */ = {
			isa = PBXGroup;
			children = (
				7E491F56283B5CCA00A85157 /* AppDelegate.swift */,
				7E491F58283B5CCA00A85157 /* SceneDelegate.swift */,
				7E491F5A283B5CCA00A85157 /* ViewController.swift */,
				7E491F5C283B5CCA00A85157 /* Main.storyboard */,
				7E491F5F283B5CCF00A85157 /* Assets.xcassets */,
				7E491F61283B5CCF00A85157 /* LaunchScreen.storyboard */,
				7E491F64283B5CCF00A85157 /* Info.plist */,
			);
			path = UsersApp;
			sourceTree = "<group>";
		};
		7E491F6C283B5CCF00A85157 /* UsersAppTests */ = {
			isa = PBXGroup;
			children = (
				7E491F6D283B5CCF00A85157 /* UsersAppTests.swift */,
			);
			path = UsersAppTests;
			sourceTree = "<group>";
		};
		7E491F76283B5CCF00A85157 /* UsersAppUITests */ = {
			isa = PBXGroup;
			children = (
				7E491F77283B5CCF00A85157 /* UsersAppUITests.swift */,
				7E491F79283B5CCF00A85157 /* UsersAppUITestsLaunchTests.swift */,
			);
			path = UsersAppUITests;
			sourceTree = "<group>";
		};
/* End PBXGroup section */

/* Begin PBXNativeTarget section */
		7E491F52283B5CCA00A85157 /* UsersApp */ = {
			isa = PBXNativeTarget;
			buildConfigurationList = 7E491F7D283B5CCF00A85157 /* Build configuration list for PBXNativeTarget "UsersApp" */;
			buildPhases = (
				7E491F4F283B5CCA00A85157 /* Sources */,
				7E491F50283B5CCA00A85157 /* Frameworks */,
				7E491F51283B5CCA00A85157 /* Resources */,
			);
			buildRules = (
			);
			dependencies = (
			);
			name = UsersApp;
			productName = UsersApp;
			productReference = 7E491F53283B5CCA00A85157 /* UsersApp.app */;
			productType = "com.apple.product-type.application";
		};
		7E491F68283B5CCF00A85157 /* UsersAppTests */ = {
			isa = PBXNativeTarget;
			buildConfigurationList = 7E491F80283B5CCF00A85157 /* Build configuration list for PBXNativeTarget "UsersAppTests" */;
			buildPhases = (
				7E491F65283B5CCF00A85157 /* Sources */,
				7E491F66283B5CCF00A85157 /* Frameworks */,
				7E491F67283B5CCF00A85157 /* Resources */,
			);
			buildRules = (
			);
			dependencies = (
				7E491F6B283B5CCF00A85157 /* PBXTargetDependency */,
			);
			name = UsersAppTests;
			productName = UsersAppTests;
			productReference = 7E491F69283B5CCF00A85157 /* UsersAppTests.xctest */;
			productType = "com.apple.product-type.bundle.unit-test";
		};
		7E491F72283B5CCF00A85157 /* UsersAppUITests */ = {
			isa = PBXNativeTarget;
			buildConfigurationList = 7E491F83283B5CCF00A85157 /* Build configuration list for PBXNativeTarget "UsersAppUITests" */;
			buildPhases = (
				7E491F6F283B5CCF00A85157 /* Sources */,
				7E491F70283B5CCF00A85157 /* Frameworks */,
				7E491F71283B5CCF00A85157 /* Resources */,
			);
			buildRules = (
			);
			dependencies = (
				7E491F75283B5CCF00A85157 /* PBXTargetDependency */,
			);
			name = UsersAppUITests;
			productName = UsersAppUITests;
			productReference = 7E491F73283B5CCF00A85157 /* UsersAppUITests.xctest */;
			productType = "com.apple.product-type.bundle.ui-testing";
		};
/* End PBXNativeTarget section */

/* Begin PBXProject section */
		7E491F4B283B5CCA00A85157 /* Project object */ = {
			isa = PBXProject;
			attributes = {
				BuildIndependentTargetsInParallel = 1;
				LastSwiftUpdateCheck = 1330;
				LastUpgradeCheck = 1330;
				TargetAttributes = {
					7E491F52283B5CCA00A85157 = {
						CreatedOnToolsVersion = 13.3.1;
					};
					7E491F68283B5CCF00A85157 = {
						CreatedOnToolsVersion = 13.3.1;
						TestTargetID = 7E491F52283B5CCA00A85157;
					};
					7E491F72283B5CCF00A85157 = {
						CreatedOnToolsVersion = 13.3.1;
						TestTargetID = 7E491F52283B5CCA00A85157;
					};
				};
			};
			buildConfigurationList = 7E491F4E283B5CCA00A85157 /* Build configuration list for PBXProject "UsersApp" */;
			compatibilityVersion = "Xcode 13.0";
			developmentRegion = en;
			hasScannedForEncodings = 0;
			knownRegions = (
				en,
				Base,
			);
			mainGroup = 7E491F4A283B5CCA00A85157;
			productRefGroup = 7E491F54283B5CCA00A85157 /* Products */;
			projectDirPath = "";
			projectRoot = "";
			targets = (
				7E491F52283B5CCA00A85157 /* UsersApp */,
				7E491F68283B5CCF00A85157 /* UsersAppTests */,
				7E491F72283B5CCF00A85157 /* UsersAppUITests */,
			);
		};
/* End PBXProject section */

/* Begin PBXResourcesBuildPhase section */
		7E491F51283B5CCA00A85157 /* Resources */ = {
			isa = PBXResourcesBuildPhase;
			buildActionMask = 2147483647;
			files = (
				7E491F63283B5CCF00A85157 /* LaunchScreen.storyboard in Resources */,
				7E491F60283B5CCF00A85157 /* Assets.xcassets in Resources */,
				7E491F5E283B5CCA00A85157 /* Main.storyboard in Resources */,
			);
			runOnlyForDeploymentPostprocessing = 0;
		};
		7E491F67283B5CCF00A85157 /* Resources */ = {
			isa = PBXResourcesBuildPhase;
			buildActionMask = 2147483647;
			files = (
			);
			runOnlyForDeploymentPostprocessing = 0;
		};
		7E491F71283B5CCF00A85157 /* Resources */ = {
			isa = PBXResourcesBuildPhase;
			buildActionMask = 2147483647;
			files = (
			);
			runOnlyForDeploymentPostprocessing = 0;
		};
/* End PBXResourcesBuildPhase section */

/* Begin PBXSourcesBuildPhase section */
		7E491F4F283B5CCA00A85157 /* Sources */ = {
			isa = PBXSourcesBuildPhase;
			buildActionMask = 2147483647;
			files = (
				7E491F5B283B5CCA00A85157 /* ViewController.swift in Sources */,
				7E491F57283B5CCA00A85157 /* AppDelegate.swift in Sources */,
				7E491F59283B5CCA00A85157 /* SceneDelegate.swift in Sources */,
			);
			runOnlyForDeploymentPostprocessing = 0;
		};
		7E491F65283B5CCF00A85157 /* Sources */ = {
			isa = PBXSourcesBuildPhase;
			buildActionMask = 2147483647;
			files = (
				7E491F6E283B5CCF00A85157 /* UsersAppTests.swift in Sources */,
			);
			runOnlyForDeploymentPostprocessing = 0;
		};
		7E491F6F283B5CCF00A85157 /* Sources */ = {
			isa = PBXSourcesBuildPhase;
			buildActionMask = 2147483647;
			files = (
				7E491F7A283B5CCF00A85157 /* UsersAppUITestsLaunchTests.swift in Sources */,
				7E491F78283B5CCF00A85157 /* UsersAppUITests.swift in Sources */,
			);
			runOnlyForDeploymentPostprocessing = 0;
		};
/* End PBXSourcesBuildPhase section */

/* Begin PBXTargetDependency section */
		7E491F6B283B5CCF00A85157 /* PBXTargetDependency */ = {
			isa = PBXTargetDependency;
			target = 7E491F52283B5CCA00A85157 /* UsersApp */;
			targetProxy = 7E491F6A283B5CCF00A85157 /* PBXContainerItemProxy */;
		};
		7E491F75283B5CCF00A85157 /* PBXTargetDependency */ = {
			isa = PBXTargetDependency;
			target = 7E491F52283B5CCA00A85157 /* UsersApp */;
			targetProxy = 7E491F74283B5CCF00A85157 /* PBXContainerItemProxy */;
		};
/* End PBXTargetDependency section */

/* Begin PBXVariantGroup section */
		7E491F5C283B5CCA00A85157 /* Main.storyboard */ = {
			isa = PBXVariantGroup;
			children = (
				7E491F5D283B5CCA00A85157 /* Base */,
			);
			name = Main.storyboard;
			sourceTree = "<group>";
		};
		7E491F61283B5CCF00A85157 /* LaunchScreen.storyboard */ = {
			isa = PBXVariantGroup;
			children = (
				7E491F62283B5CCF00A85157 /* Base */,
			);
			name = LaunchScreen.storyboard;
			sourceTree = "<group>";
		};
/* End PBXVariantGroup section */

/* Begin XCBuildConfiguration section */
		7E491F7B283B5CCF00A85157 /* Debug */ = {
			isa = XCBuildConfiguration;
			buildSettings = {
				ALWAYS_SEARCH_USER_PATHS = NO;
				CLANG_ANALYZER_NONNULL = YES;
				CLANG_ANALYZER_NUMBER_OBJECT_CONVERSION = YES_AGGRESSIVE;
				CLANG_CXX_LANGUAGE_STANDARD = "gnu++17";
				CLANG_ENABLE_MODULES = YES;
				CLANG_ENABLE_OBJC_ARC = YES;
				CLANG_ENABLE_OBJC_WEAK = YES;
				CLANG_WARN_BLOCK_CAPTURE_AUTORELEASING = YES;
				CLANG_WARN_BOOL_CONVERSION = YES;
				CLANG_WARN_COMMA = YES;
				CLANG_WARN_CONSTANT_CONVERSION = YES;
				CLANG_WARN_DEPRECATED_OBJC_IMPLEMENTATIONS = YES;
				CLANG_WARN_DIRECT_OBJC_ISA_USAGE = YES_ERROR;
				CLANG_WARN_DOCUMENTATION_COMMENTS = YES;
				CLANG_WARN_EMPTY_BODY = YES;
				CLANG_WARN_ENUM_CONVERSION = YES;
				CLANG_WARN_INFINITE_RECURSION = YES;
				CLANG_WARN_INT_CONVERSION = YES;
				CLANG_WARN_NON_LITERAL_NULL_CONVERSION = YES;
				CLANG_WARN_OBJC_IMPLICIT_RETAIN_SELF = YES;
				CLANG_WARN_OBJC_LITERAL_CONVERSION = YES;
				CLANG_WARN_OBJC_ROOT_CLASS = YES_ERROR;
				CLANG_WARN_QUOTED_INCLUDE_IN_FRAMEWORK_HEADER = YES;
				CLANG_WARN_RANGE_LOOP_ANALYSIS = YES;
				CLANG_WARN_STRICT_PROTOTYPES = YES;
				CLANG_WARN_SUSPICIOUS_MOVE = YES;
				CLANG_WARN_UNGUARDED_AVAILABILITY = YES_AGGRESSIVE;
				CLANG_WARN_UNREACHABLE_CODE = YES;
				CLANG_WARN__DUPLICATE_METHOD_MATCH = YES;
				COPY_PHASE_STRIP = NO;
				DEBUG_INFORMATION_FORMAT = dwarf;
				ENABLE_STRICT_OBJC_MSGSEND = YES;
				ENABLE_TESTABILITY = YES;
				GCC_C_LANGUAGE_STANDARD = gnu11;
				GCC_DYNAMIC_NO_PIC = NO;
				GCC_NO_COMMON_BLOCKS = YES;
				GCC_OPTIMIZATION_LEVEL = 0;
				GCC_PREPROCESSOR_DEFINITIONS = (
					"DEBUG=1",
					"$(inherited)",
				);
				GCC_WARN_64_TO_32_BIT_CONVERSION = YES;
				GCC_WARN_ABOUT_RETURN_TYPE = YES_ERROR;
				GCC_WARN_UNDECLARED_SELECTOR = YES;
				GCC_WARN_UNINITIALIZED_AUTOS = YES_AGGRESSIVE;
				GCC_WARN_UNUSED_FUNCTION = YES;
				GCC_WARN_UNUSED_VARIABLE = YES;
				IPHONEOS_DEPLOYMENT_TARGET = 15.4;
				MTL_ENABLE_DEBUG_INFO = INCLUDE_SOURCE;
				MTL_FAST_MATH = YES;
				ONLY_ACTIVE_ARCH = YES;
				SDKROOT = iphoneos;
				SWIFT_ACTIVE_COMPILATION_CONDITIONS = DEBUG;
				SWIFT_OPTIMIZATION_LEVEL = "-Onone";
			};
			name = Debug;
		};
		7E491F7C283B5CCF00A85157 /* Release */ = {
			isa = XCBuildConfiguration;
			buildSettings = {
				ALWAYS_SEARCH_USER_PATHS = NO;
				CLANG_ANALYZER_NONNULL = YES;
				CLANG_ANALYZER_NUMBER_OBJECT_CONVERSION = YES_AGGRESSIVE;
				CLANG_CXX_LANGUAGE_STANDARD = "gnu++17";
				CLANG_ENABLE_MODULES = YES;
				CLANG_ENABLE_OBJC_ARC = YES;
				CLANG_ENABLE_OBJC_WEAK = YES;
				CLANG_WARN_BLOCK_CAPTURE_AUTORELEASING = YES;
				CLANG_WARN_BOOL_CONVERSION = YES;
				CLANG_WARN_COMMA = YES;
				CLANG_WARN_CONSTANT_CONVERSION = YES;
				CLANG_WARN_DEPRECATED_OBJC_IMPLEMENTATIONS = YES;
				CLANG_WARN_DIRECT_OBJC_ISA_USAGE = YES_ERROR;
				CLANG_WARN_DOCUMENTATION_COMMENTS = YES;
				CLANG_WARN_EMPTY_BODY = YES;
				CLANG_WARN_ENUM_CONVERSION = YES;
				CLANG_WARN_INFINITE_RECURSION = YES;
				CLANG_WARN_INT_CONVERSION = YES;
				CLANG_WARN_NON_LITERAL_NULL_CONVERSION = YES;
				CLANG_WARN_OBJC_IMPLICIT_RETAIN_SELF = YES;
				CLANG_WARN_OBJC_LITERAL_CONVERSION = YES;
				CLANG_WARN_OBJC_ROOT_CLASS = YES_ERROR;
				CLANG_WARN_QUOTED_INCLUDE_IN_FRAMEWORK_HEADER = YES;
				CLANG_WARN_RANGE_LOOP_ANALYSIS = YES;
				CLANG_WARN_STRICT_PROTOTYPES = YES;
				CLANG_WARN_SUSPICIOUS_MOVE = YES;
				CLANG_WARN_UNGUARDED_AVAILABILITY = YES_AGGRESSIVE;
				CLANG_WARN_UNREACHABLE_CODE = YES;
				CLANG_WARN__DUPLICATE_METHOD_MATCH = YES;
				COPY_PHASE_STRIP = NO;
				DEBUG_INFORMATION_FORMAT = "dwarf-with-dsym";
				ENABLE_NS_ASSERTIONS = NO;
				ENABLE_STRICT_OBJC_MSGSEND = YES;
				GCC_C_LANGUAGE_STANDARD = gnu11;
				GCC_NO_COMMON_BLOCKS = YES;
				GCC_WARN_64_TO_32_BIT_CONVERSION = YES;
				GCC_WARN_ABOUT_RETURN_TYPE = YES_ERROR;
				GCC_WARN_UNDECLARED_SELECTOR = YES;
				GCC_WARN_UNINITIALIZED_AUTOS = YES_AGGRESSIVE;
				GCC_WARN_UNUSED_FUNCTION = YES;
				GCC_WARN_UNUSED_VARIABLE = YES;
				IPHONEOS_DEPLOYMENT_TARGET = 15.4;
				MTL_ENABLE_DEBUG_INFO = NO;
				MTL_FAST_MATH = YES;
				SDKROOT = iphoneos;
				SWIFT_COMPILATION_MODE = wholemodule;
				SWIFT_OPTIMIZATION_LEVEL = "-O";
				VALIDATE_PRODUCT = YES;
			};
			name = Release;
		};
		7E491F7E283B5CCF00A85157 /* Debug */ = {
			isa = XCBuildConfiguration;
			buildSettings = {
				ASSETCATALOG_COMPILER_APPICON_NAME = AppIcon;
				ASSETCATALOG_COMPILER_GLOBAL_ACCENT_COLOR_NAME = AccentColor;
				CODE_SIGN_STYLE = Automatic;
				CURRENT_PROJECT_VERSION = 1;
				DEVELOPMENT_TEAM = 3LGR4W73V5;
				GENERATE_INFOPLIST_FILE = YES;
				INFOPLIST_FILE = UsersApp/Info.plist;
				INFOPLIST_KEY_UIApplicationSupportsIndirectInputEvents = YES;
				INFOPLIST_KEY_UILaunchStoryboardName = LaunchScreen;
				INFOPLIST_KEY_UIMainStoryboardFile = Main;
				INFOPLIST_KEY_UISupportedInterfaceOrientations_iPad = "UIInterfaceOrientationPortrait UIInterfaceOrientationPortraitUpsideDown UIInterfaceOrientationLandscapeLeft UIInterfaceOrientationLandscapeRight";
				INFOPLIST_KEY_UISupportedInterfaceOrientations_iPhone = "UIInterfaceOrientationPortrait UIInterfaceOrientationLandscapeLeft UIInterfaceOrientationLandscapeRight";
				LD_RUNPATH_SEARCH_PATHS = (
					"$(inherited)",
					"@executable_path/Frameworks",
				);
				MARKETING_VERSION = 1.0;
				PRODUCT_BUNDLE_IDENTIFIER = com.rammzan.usersapp.UsersApp;
				PRODUCT_NAME = "$(TARGET_NAME)";
				SWIFT_EMIT_LOC_STRINGS = YES;
				SWIFT_VERSION = 5.0;
				TARGETED_DEVICE_FAMILY = "1,2";
			};
			name = Debug;
		};
		7E491F7F283B5CCF00A85157 /* Release */ = {
			isa = XCBuildConfiguration;
			buildSettings = {
				ASSETCATALOG_COMPILER_APPICON_NAME = AppIcon;
				ASSETCATALOG_COMPILER_GLOBAL_ACCENT_COLOR_NAME = AccentColor;
				CODE_SIGN_STYLE = Automatic;
				CURRENT_PROJECT_VERSION = 1;
				DEVELOPMENT_TEAM = 3LGR4W73V5;
				GENERATE_INFOPLIST_FILE = YES;
				INFOPLIST_FILE = UsersApp/Info.plist;
				INFOPLIST_KEY_UIApplicationSupportsIndirectInputEvents = YES;
				INFOPLIST_KEY_UILaunchStoryboardName = LaunchScreen;
				INFOPLIST_KEY_UIMainStoryboardFile = Main;
				INFOPLIST_KEY_UISupportedInterfaceOrientations_iPad = "UIInterfaceOrientationPortrait UIInterfaceOrientationPortraitUpsideDown UIInterfaceOrientationLandscapeLeft UIInterfaceOrientationLandscapeRight";
				INFOPLIST_KEY_UISupportedInterfaceOrientations_iPhone = "UIInterfaceOrientationPortrait UIInterfaceOrientationLandscapeLeft UIInterfaceOrientationLandscapeRight";
				LD_RUNPATH_SEARCH_PATHS = (
					"$(inherited)",
					"@executable_path/Frameworks",
				);
				MARKETING_VERSION = 1.0;
				PRODUCT_BUNDLE_IDENTIFIER = com.rammzan.usersapp.UsersApp;
				PRODUCT_NAME = "$(TARGET_NAME)";
				SWIFT_EMIT_LOC_STRINGS = YES;
				SWIFT_VERSION = 5.0;
				TARGETED_DEVICE_FAMILY = "1,2";
			};
			name = Release;
		};
		7E491F81283B5CCF00A85157 /* Debug */ = {
			isa = XCBuildConfiguration;
			buildSettings = {
				ALWAYS_EMBED_SWIFT_STANDARD_LIBRARIES = YES;
				BUNDLE_LOADER = "$(TEST_HOST)";
				CODE_SIGN_STYLE = Automatic;
				CURRENT_PROJECT_VERSION = 1;
				DEVELOPMENT_TEAM = 3LGR4W73V5;
				GENERATE_INFOPLIST_FILE = YES;
				IPHONEOS_DEPLOYMENT_TARGET = 15.4;
				MARKETING_VERSION = 1.0;
				PRODUCT_BUNDLE_IDENTIFIER = com.rammzan.usersapp.UsersAppTests;
				PRODUCT_NAME = "$(TARGET_NAME)";
				SWIFT_EMIT_LOC_STRINGS = NO;
				SWIFT_VERSION = 5.0;
				TARGETED_DEVICE_FAMILY = "1,2";
				TEST_HOST = "$(BUILT_PRODUCTS_DIR)/UsersApp.app/UsersApp";
			};
			name = Debug;
		};
		7E491F82283B5CCF00A85157 /* Release */ = {
			isa = XCBuildConfiguration;
			buildSettings = {
				ALWAYS_EMBED_SWIFT_STANDARD_LIBRARIES = YES;
				BUNDLE_LOADER = "$(TEST_HOST)";
				CODE_SIGN_STYLE = Automatic;
				CURRENT_PROJECT_VERSION = 1;
				DEVELOPMENT_TEAM = 3LGR4W73V5;
				GENERATE_INFOPLIST_FILE = YES;
				IPHONEOS_DEPLOYMENT_TARGET = 15.4;
				MARKETING_VERSION = 1.0;
				PRODUCT_BUNDLE_IDENTIFIER = com.rammzan.usersapp.UsersAppTests;
				PRODUCT_NAME = "$(TARGET_NAME)";
				SWIFT_EMIT_LOC_STRINGS = NO;
				SWIFT_VERSION = 5.0;
				TARGETED_DEVICE_FAMILY = "1,2";
				TEST_HOST = "$(BUILT_PRODUCTS_DIR)/UsersApp.app/UsersApp";
			};
			name = Release;
		};
		7E491F84283B5CCF00A85157 /* Debug */ = {
			isa = XCBuildConfiguration;
			buildSettings = {
				ALWAYS_EMBED_SWIFT_STANDARD_LIBRARIES = YES;
				CODE_SIGN_STYLE = Automatic;
				CURRENT_PROJECT_VERSION = 1;
				DEVELOPMENT_TEAM = 3LGR4W73V5;
				GENERATE_INFOPLIST_FILE = YES;
				MARKETING_VERSION = 1.0;
				PRODUCT_BUNDLE_IDENTIFIER = com.rammzan.usersapp.UsersAppUITests;
				PRODUCT_NAME = "$(TARGET_NAME)";
				SWIFT_EMIT_LOC_STRINGS = NO;
				SWIFT_VERSION = 5.0;
				TARGETED_DEVICE_FAMILY = "1,2";
				TEST_TARGET_NAME = UsersApp;
			};
			name = Debug;
		};
		7E491F85283B5CCF00A85157 /* Release */ = {
			isa = XCBuildConfiguration;
			buildSettings = {
				ALWAYS_EMBED_SWIFT_STANDARD_LIBRARIES = YES;
				CODE_SIGN_STYLE = Automatic;
				CURRENT_PROJECT_VERSION = 1;
				DEVELOPMENT_TEAM = 3LGR4W73V5;
				GENERATE_INFOPLIST_FILE = YES;
				MARKETING_VERSION = 1.0;
				PRODUCT_BUNDLE_IDENTIFIER = com.rammzan.usersapp.UsersAppUITests;
				PRODUCT_NAME = "$(TARGET_NAME)";
				SWIFT_EMIT_LOC_STRINGS = NO;
				SWIFT_VERSION = 5.0;
				TARGETED_DEVICE_FAMILY = "1,2";
				TEST_TARGET_NAME = UsersApp;
			};
			name = Release;
		};
/* End XCBuildConfiguration section */

/* Begin XCConfigurationList section */
		7E491F4E283B5CCA00A85157 /* Build configuration list for PBXProject "UsersApp" */ = {
			isa = XCConfigurationList;
			buildConfigurations = (
				7E491F7B283B5CCF00A85157 /* Debug */,
				7E491F7C283B5CCF00A85157 /* Release */,
			);
			defaultConfigurationIsVisible = 0;
			defaultConfigurationName = Release;
		};
		7E491F7D283B5CCF00A85157 /* Build configuration list for PBXNativeTarget "UsersApp" */ = {
			isa = XCConfigurationList;
			buildConfigurations = (
				7E491F7E283B5CCF00A85157 /* Debug */,
				7E491F7F283B5CCF00A85157 /* Release */,
			);
			defaultConfigurationIsVisible = 0;
			defaultConfigurationName = Release;
		};
		7E491F80283B5CCF00A85157 /* Build configuration list for PBXNativeTarget "UsersAppTests" */ = {
			isa = XCConfigurationList;
			buildConfigurations = (
				7E491F81283B5CCF00A85157 /* Debug */,
				7E491F82283B5CCF00A85157 /* Release */,
			);
			defaultConfigurationIsVisible = 0;
			defaultConfigurationName = Release;
		};
		7E491F83283B5CCF00A85157 /* Build configuration list for PBXNativeTarget "UsersAppUITests" */ = {
			isa = XCConfigurationList;
			buildConfigurations = (
				7E491F84283B5CCF00A85157 /* Debug */,
				7E491F85283B5CCF00A85157 /* Release */,
			);
			defaultConfigurationIsVisible = 0;
			defaultConfigurationName = Release;
		};
/* End XCConfigurationList section */
	};
	rootObject = 7E491F4B283B5CCA00A85157 /* Project object */;
}
